Microsoft Visual Studio Solution File, Format Version 12.00
# Visual Studio Version 17
VisualStudioVersion = 17.5.2.0
MinimumVisualStudioVersion = 10.0.40219.1
Project("{2150E333-8FDC-42A3-9474-1A3956D46DE8}") = "templates", "templates", "{808186BE-9BD0-DD1D-D574-36EEAD1E7F8F}"
EndProject
Project("{FAE04EC0-301F-11D3-BF4B-00C04F79EFBC}") = "hello", "templates\csharp-hello\hello.csproj", "{2FF95DF3-555D-AE7E-7322-EC0D763D63B2}"
EndProject
Global
	GlobalSection(SolutionConfigurationPlatforms) = preSolution
		Debug|Any CPU = Debug|Any CPU
		Release|Any CPU = Release|Any CPU
	EndGlobalSection
	GlobalSection(ProjectConfigurationPlatforms) = postSolution
		{2FF95DF3-555D-AE7E-7322-EC0D763D63B2}.Debug|Any CPU.ActiveCfg = Debug|Any CPU
		{2FF95DF3-555D-AE7E-7322-EC0D763D63B2}.Debug|Any CPU.Build.0 = Debug|Any CPU
		{2FF95DF3-555D-AE7E-7322-EC0D763D63B2}.Release|Any CPU.ActiveCfg = Release|Any CPU
		{2FF95DF3-555D-AE7E-7322-EC0D763D63B2}.Release|Any CPU.Build.0 = Release|Any CPU
	EndGlobalSection
	GlobalSection(SolutionProperties) = preSolution
		HideSolutionNode = FALSE
	EndGlobalSection
	GlobalSection(NestedProjects) = preSolution
		{2FF95DF3-555D-AE7E-7322-EC0D763D63B2} = {808186BE-9BD0-DD1D-D574-36EEAD1E7F8F}
	EndGlobalSection
	GlobalSection(ExtensibilityGlobals) = postSolution
		SolutionGuid = {504F253E-ABA5-4FA2-B024-B1549D94DD77}
	EndGlobalSection
EndGlobal
